
Microsoft Visual Studio Solution File, Format Version 12.00
# Visual Studio Version 16
VisualStudioVersion = 16.0.31702.278
MinimumVisualStudioVersion = 10.0.40219.1
Project("{FAE04EC0-301F-11D3-BF4B-00C04F79EFBC}") = "WebApplication1", "WebApplication1\WebApplication1.csproj", "{BF822CE9-C076-462E-9950-94EC5257308E}"
EndProject
Project("{FAE04EC0-301F-11D3-BF4B-00C04F79EFBC}") = "Wpf", "Wpf\Wpf.csproj", "{2D5010A9-55AB-48A9-BE08-CF048AA732E2}"
EndProject
Global
	GlobalSection(SolutionConfigurationPlatforms) = preSolution
		Debug|Any CPU = Debug|Any CPU
		Release|Any CPU = Release|Any CPU
	EndGlobalSection
	GlobalSection(ProjectConfigurationPlatforms) = postSolution
		{BF822CE9-C076-462E-9950-94EC5257308E}.Debug|Any CPU.ActiveCfg = Debug|Any CPU
		{BF822CE9-C076-462E-9950-94EC5257308E}.Debug|Any CPU.Build.0 = Debug|Any CPU
		{BF822CE9-C076-462E-9950-94EC5257308E}.Release|Any CPU.ActiveCfg = Release|Any CPU
		{BF822CE9-C076-462E-9950-94EC5257308E}.Release|Any CPU.Build.0 = Release|Any CPU
		{2D5010A9-55AB-48A9-BE08-CF048AA732E2}.Debug|Any CPU.ActiveCfg = Debug|Any CPU
		{2D5010A9-55AB-48A9-BE08-CF048AA732E2}.Debug|Any CPU.Build.0 = Debug|Any CPU
		{2D5010A9-55AB-48A9-BE08-CF048AA732E2}.Release|Any CPU.ActiveCfg = Release|Any CPU
		{2D5010A9-55AB-48A9-BE08-CF048AA732E2}.Release|Any CPU.Build.0 = Release|Any CPU
	EndGlobalSection
	GlobalSection(SolutionProperties) = preSolution
		HideSolutionNode = FALSE
	EndGlobalSection
	GlobalSection(ExtensibilityGlobals) = postSolution
		SolutionGuid = {B8BD33C1-53A2-4AF7-B2D6-A56DE7D74617}
	EndGlobalSection
EndGlobal
